
Microsoft Visual Studio Solution File, Format Version 12.00
# Visual Studio Version 16
VisualStudioVersion = 16.0.34407.143
MinimumVisualStudioVersion = 10.0.40219.1
Project("{FAE04EC0-301F-11D3-BF4B-00C04F79EFBC}") = "Challenge Assignment", "Challenge Assignment\Challenge Assignment.csproj", "{343838EB-9273-43CD-BBA3-636EA4B1FEBD}"
EndProject
Global
	GlobalSection(SolutionConfigurationPlatforms) = preSolution
		Debug|Any CPU = Debug|Any CPU
		Release|Any CPU = Release|Any CPU
	EndGlobalSection
	GlobalSection(ProjectConfigurationPlatforms) = postSolution
		{343838EB-9273-43CD-BBA3-636EA4B1FEBD}.Debug|Any CPU.ActiveCfg = Debug|Any CPU
		{343838EB-9273-43CD-BBA3-636EA4B1FEBD}.Debug|Any CPU.Build.0 = Debug|Any CPU
		{343838EB-9273-43CD-BBA3-636EA4B1FEBD}.Release|Any CPU.ActiveCfg = Release|Any CPU
		{343838EB-9273-43CD-BBA3-636EA4B1FEBD}.Release|Any CPU.Build.0 = Release|Any CPU
	EndGlobalSection
	GlobalSection(SolutionProperties) = preSolution
		HideSolutionNode = FALSE
	EndGlobalSection
	GlobalSection(ExtensibilityGlobals) = postSolution
		SolutionGuid = {BE6B61D5-6F5C-46AB-8924-3B59D70F377F}
	EndGlobalSection
EndGlobal
